
Microsoft Visual Studio Solution File, Format Version 12.00
# Visual Studio 14
VisualStudioVersion = 14.0.25420.1
MinimumVisualStudioVersion = 10.0.40219.1
Project("{FAE04EC0-301F-11D3-BF4B-00C04F79EFBC}") = "PingTest", "Test\PingTest.csproj", "{65AD0739-652B-4EC7-A3F2-4FCB81748D9C}"
EndProject
Project("{FAE04EC0-301F-11D3-BF4B-00C04F79EFBC}") = "PingTestUnitTest", "PingTestUnitTest\PingTestUnitTest.csproj", "{D47CCF79-B706-4174-B49E-7160DCAF71C8}"
EndProject
Global
	GlobalSection(SolutionConfigurationPlatforms) = preSolution
		Debug|Any CPU = Debug|Any CPU
		Release|Any CPU = Release|Any CPU
	EndGlobalSection
	GlobalSection(ProjectConfigurationPlatforms) = postSolution
		{65AD0739-652B-4EC7-A3F2-4FCB81748D9C}.Debug|Any CPU.ActiveCfg = Debug|Any CPU
		{65AD0739-652B-4EC7-A3F2-4FCB81748D9C}.Debug|Any CPU.Build.0 = Debug|Any CPU
		{65AD0739-652B-4EC7-A3F2-4FCB81748D9C}.Release|Any CPU.ActiveCfg = Release|Any CPU
		{65AD0739-652B-4EC7-A3F2-4FCB81748D9C}.Release|Any CPU.Build.0 = Release|Any CPU
		{D47CCF79-B706-4174-B49E-7160DCAF71C8}.Debug|Any CPU.ActiveCfg = Debug|Any CPU
		{D47CCF79-B706-4174-B49E-7160DCAF71C8}.Debug|Any CPU.Build.0 = Debug|Any CPU
		{D47CCF79-B706-4174-B49E-7160DCAF71C8}.Release|Any CPU.ActiveCfg = Release|Any CPU
		{D47CCF79-B706-4174-B49E-7160DCAF71C8}.Release|Any CPU.Build.0 = Release|Any CPU
	EndGlobalSection
	GlobalSection(SolutionProperties) = preSolution
		HideSolutionNode = FALSE
	EndGlobalSection
EndGlobal
